
Microsoft Visual Studio Solution File, Format Version 12.00
# Visual Studio 2012
Project("{FAE04EC0-301F-11D3-BF4B-00C04F79EFBC}") = "EightQueensLogic", "EightQueensLogic\EightQueensLogic.csproj", "{EF37A467-264F-4165-A6AE-85C6345AC98C}"
EndProject
Project("{FAE04EC0-301F-11D3-BF4B-00C04F79EFBC}") = "EightQueensConsole", "EightQueensConsole\EightQueensConsole.csproj", "{C61E1454-215B-4083-8CC9-C66D96D09785}"
EndProject
Project("{FAE04EC0-301F-11D3-BF4B-00C04F79EFBC}") = "EightQueensLogicTests", "EightQueensLogicTests\EightQueensLogicTests.csproj", "{E5760E3F-20D1-4276-8AB2-100E86F8F660}"
EndProject
Global
	GlobalSection(SolutionConfigurationPlatforms) = preSolution
		Debug|Any CPU = Debug|Any CPU
		Release|Any CPU = Release|Any CPU
	EndGlobalSection
	GlobalSection(ProjectConfigurationPlatforms) = postSolution
		{C61E1454-215B-4083-8CC9-C66D96D09785}.Debug|Any CPU.ActiveCfg = Debug|Any CPU
		{C61E1454-215B-4083-8CC9-C66D96D09785}.Debug|Any CPU.Build.0 = Debug|Any CPU
		{C61E1454-215B-4083-8CC9-C66D96D09785}.Release|Any CPU.ActiveCfg = Release|Any CPU
		{C61E1454-215B-4083-8CC9-C66D96D09785}.Release|Any CPU.Build.0 = Release|Any CPU
		{E5760E3F-20D1-4276-8AB2-100E86F8F660}.Debug|Any CPU.ActiveCfg = Debug|Any CPU
		{E5760E3F-20D1-4276-8AB2-100E86F8F660}.Debug|Any CPU.Build.0 = Debug|Any CPU
		{E5760E3F-20D1-4276-8AB2-100E86F8F660}.Release|Any CPU.ActiveCfg = Release|Any CPU
		{E5760E3F-20D1-4276-8AB2-100E86F8F660}.Release|Any CPU.Build.0 = Release|Any CPU
		{EF37A467-264F-4165-A6AE-85C6345AC98C}.Debug|Any CPU.ActiveCfg = Debug|Any CPU
		{EF37A467-264F-4165-A6AE-85C6345AC98C}.Debug|Any CPU.Build.0 = Debug|Any CPU
		{EF37A467-264F-4165-A6AE-85C6345AC98C}.Release|Any CPU.ActiveCfg = Release|Any CPU
		{EF37A467-264F-4165-A6AE-85C6345AC98C}.Release|Any CPU.Build.0 = Release|Any CPU
	EndGlobalSection
	GlobalSection(MonoDevelopProperties) = preSolution
		Policies = $0
		$0.TextStylePolicy = $1
		$1.FileWidth = 120
		$1.inheritsSet = VisualStudio
		$1.inheritsScope = text/plain
		$1.scope = text/x-csharp
		$0.CSharpFormattingPolicy = $2
		$2.StatementBraceStyle = NextLine
		$2.BeforeMethodDeclarationParentheses = False
		$2.BeforeMethodCallParentheses = False
		$2.BeforeConstructorDeclarationParentheses = False
		$2.BeforeIndexerDeclarationBracket = False
		$2.BeforeDelegateDeclarationParentheses = False
		$2.AfterDelegateDeclarationParameterComma = True
		$2.NewParentheses = False
		$2.SpacesBeforeBrackets = False
		$2.inheritsSet = Mono
		$2.inheritsScope = text/x-csharp
		$2.scope = text/x-csharp
	EndGlobalSection
EndGlobal
